
Microsoft Visual Studio Solution File, Format Version 12.00
# Visual Studio 15
VisualStudioVersion = 15.0.27428.2015
MinimumVisualStudioVersion = 10.0.40219.1
Project("{E24C65DC-7377-472B-9ABA-BC803B73C61A}") = "foodie", "foodie\", "{92B3DA2D-CBFF-45D3-8DC7-D29B96C28B58}"
	ProjectSection(WebsiteProperties) = preProject
		TargetFrameworkMoniker = ".NETFramework,Version%3Dv4.6.1"
		Debug.AspNetCompiler.VirtualPath = "/localhost_2587"
		Debug.AspNetCompiler.PhysicalPath = "foodie\"
		Debug.AspNetCompiler.TargetPath = "PrecompiledWeb\localhost_2587\"
		Debug.AspNetCompiler.Updateable = "true"
		Debug.AspNetCompiler.ForceOverwrite = "true"
		Debug.AspNetCompiler.FixedNames = "false"
		Debug.AspNetCompiler.Debug = "True"
		Release.AspNetCompiler.VirtualPath = "/localhost_2587"
		Release.AspNetCompiler.PhysicalPath = "foodie\"
		Release.AspNetCompiler.TargetPath = "PrecompiledWeb\localhost_2587\"
		Release.AspNetCompiler.Updateable = "true"
		Release.AspNetCompiler.ForceOverwrite = "true"
		Release.AspNetCompiler.FixedNames = "false"
		Release.AspNetCompiler.Debug = "False"
		VWDPort = "2587"
		DefaultWebSiteLanguage = "Visual C#"
	EndProjectSection
EndProject
Global
	GlobalSection(SolutionConfigurationPlatforms) = preSolution
		Debug|Any CPU = Debug|Any CPU
	EndGlobalSection
	GlobalSection(ProjectConfigurationPlatforms) = postSolution
		{92B3DA2D-CBFF-45D3-8DC7-D29B96C28B58}.Debug|Any CPU.ActiveCfg = Debug|Any CPU
		{92B3DA2D-CBFF-45D3-8DC7-D29B96C28B58}.Debug|Any CPU.Build.0 = Debug|Any CPU
	EndGlobalSection
	GlobalSection(SolutionProperties) = preSolution
		HideSolutionNode = FALSE
	EndGlobalSection
	GlobalSection(ExtensibilityGlobals) = postSolution
		SolutionGuid = {50BE8EB9-681C-4FF8-98CB-10E09C68066D}
	EndGlobalSection
EndGlobal
